
Microsoft Visual Studio Solution File, Format Version 12.00
# Visual Studio Version 17
VisualStudioVersion = 17.5.002.0
MinimumVisualStudioVersion = 10.0.40219.1
Project("{2150E333-8FDC-42A3-9474-1A3956D46DE8}") = "Labfiles", "Labfiles", "{D8CAF8B6-C8F2-4143-A170-2B386ADCDE66}"
EndProject
Project("{2150E333-8FDC-42A3-9474-1A3956D46DE8}") = "01-analyze-images", "01-analyze-images", "{0F31B860-58B7-4FD1-9FCB-B8C81BDC2AF9}"
EndProject
Project("{2150E333-8FDC-42A3-9474-1A3956D46DE8}") = "C-Sharp", "C-Sharp", "{F788F454-6B06-4F20-BEAF-A801688136B2}"
EndProject
Project("{9A19103F-16F7-4668-BE54-9A1E7A4F7556}") = "image-analysis", "Labfiles\01-analyze-images\C-Sharp\image-analysis\image-analysis.csproj", "{6906EAD0-C64E-45EC-AB62-042EDF2CF37A}"
EndProject
Project("{2150E333-8FDC-42A3-9474-1A3956D46DE8}") = "03-object-detection", "03-object-detection", "{EDF56185-D91F-4D59-B38E-823B9333ECB2}"
EndProject
Project("{2150E333-8FDC-42A3-9474-1A3956D46DE8}") = "C-Sharp", "C-Sharp", "{B01AA6DF-CAE3-4677-9BD6-DA50B817E572}"
EndProject
Project("{9A19103F-16F7-4668-BE54-9A1E7A4F7556}") = "test-detector", "Labfiles\03-object-detection\C-Sharp\test-detector\test-detector.csproj", "{D40FFA8E-E1DD-4DE4-9957-03D17ED5D3EE}"
EndProject
Project("{9A19103F-16F7-4668-BE54-9A1E7A4F7556}") = "train-detector", "Labfiles\03-object-detection\C-Sharp\train-detector\train-detector.csproj", "{9EF8E850-3139-47C6-88EB-08A82F6C1AE6}"
EndProject
Project("{2150E333-8FDC-42A3-9474-1A3956D46DE8}") = "04-face", "04-face", "{541A0076-09FA-4647-92E2-7C1C13604926}"
EndProject
Project("{2150E333-8FDC-42A3-9474-1A3956D46DE8}") = "C-Sharp", "C-Sharp", "{A9F0B0B3-E839-4B6D-8EDA-4B9FC337B996}"
EndProject
Project("{9A19103F-16F7-4668-BE54-9A1E7A4F7556}") = "detect-people", "Labfiles\04-face\C-Sharp\computer-vision\detect-people.csproj", "{96F92801-1840-4722-8ADC-86255C635BFC}"
EndProject
Project("{9A19103F-16F7-4668-BE54-9A1E7A4F7556}") = "analyze-faces", "Labfiles\04-face\C-Sharp\face-api\analyze-faces.csproj", "{1BE7FE80-3872-41E5-A303-F86E0AEE96C6}"
EndProject
Project("{2150E333-8FDC-42A3-9474-1A3956D46DE8}") = "05-ocr", "05-ocr", "{1237CA88-741D-48F1-9F6D-1097459F6405}"
EndProject
Project("{2150E333-8FDC-42A3-9474-1A3956D46DE8}") = "C-Sharp", "C-Sharp", "{AA1D5481-1FD2-4E4C-AD63-2D4A53D88358}"
EndProject
Project("{9A19103F-16F7-4668-BE54-9A1E7A4F7556}") = "read-text", "Labfiles\05-ocr\C-Sharp\read-text\read-text.csproj", "{4E715407-4EC8-4FC4-A6E0-63E023AF9C8F}"
EndProject
Project("{2150E333-8FDC-42A3-9474-1A3956D46DE8}") = "07-custom-vision-image-classification", "07-custom-vision-image-classification", "{062C17F7-8476-428B-8082-3C0CBB7D83A3}"
EndProject
Project("{2150E333-8FDC-42A3-9474-1A3956D46DE8}") = "C-Sharp", "C-Sharp", "{0D65990E-FB1F-4AB0-9B63-38831CC25CE8}"
EndProject
Project("{9A19103F-16F7-4668-BE54-9A1E7A4F7556}") = "test-classifier", "Labfiles\07-custom-vision-image-classification\C-Sharp\test-classifier\test-classifier.csproj", "{46D983B7-659F-4CB9-B97E-5B6BCE0AE6CD}"
EndProject
Project("{9A19103F-16F7-4668-BE54-9A1E7A4F7556}") = "train-classifier", "Labfiles\07-custom-vision-image-classification\C-Sharp\train-classifier\train-classifier.csproj", "{D711550E-CE19-47E6-9DFD-44D63C02137C}"
EndProject
Global
	GlobalSection(SolutionConfigurationPlatforms) = preSolution
		Debug|Any CPU = Debug|Any CPU
		Release|Any CPU = Release|Any CPU
	EndGlobalSection
	GlobalSection(ProjectConfigurationPlatforms) = postSolution
		{6906EAD0-C64E-45EC-AB62-042EDF2CF37A}.Debug|Any CPU.ActiveCfg = Debug|Any CPU
		{6906EAD0-C64E-45EC-AB62-042EDF2CF37A}.Debug|Any CPU.Build.0 = Debug|Any CPU
		{6906EAD0-C64E-45EC-AB62-042EDF2CF37A}.Release|Any CPU.ActiveCfg = Release|Any CPU
		{6906EAD0-C64E-45EC-AB62-042EDF2CF37A}.Release|Any CPU.Build.0 = Release|Any CPU
		{D40FFA8E-E1DD-4DE4-9957-03D17ED5D3EE}.Debug|Any CPU.ActiveCfg = Debug|Any CPU
		{D40FFA8E-E1DD-4DE4-9957-03D17ED5D3EE}.Debug|Any CPU.Build.0 = Debug|Any CPU
		{D40FFA8E-E1DD-4DE4-9957-03D17ED5D3EE}.Release|Any CPU.ActiveCfg = Release|Any CPU
		{D40FFA8E-E1DD-4DE4-9957-03D17ED5D3EE}.Release|Any CPU.Build.0 = Release|Any CPU
		{9EF8E850-3139-47C6-88EB-08A82F6C1AE6}.Debug|Any CPU.ActiveCfg = Debug|Any CPU
		{9EF8E850-3139-47C6-88EB-08A82F6C1AE6}.Debug|Any CPU.Build.0 = Debug|Any CPU
		{9EF8E850-3139-47C6-88EB-08A82F6C1AE6}.Release|Any CPU.ActiveCfg = Release|Any CPU
		{9EF8E850-3139-47C6-88EB-08A82F6C1AE6}.Release|Any CPU.Build.0 = Release|Any CPU
		{96F92801-1840-4722-8ADC-86255C635BFC}.Debug|Any CPU.ActiveCfg = Debug|Any CPU
		{96F92801-1840-4722-8ADC-86255C635BFC}.Debug|Any CPU.Build.0 = Debug|Any CPU
		{96F92801-1840-4722-8ADC-86255C635BFC}.Release|Any CPU.ActiveCfg = Release|Any CPU
		{96F92801-1840-4722-8ADC-86255C635BFC}.Release|Any CPU.Build.0 = Release|Any CPU
		{1BE7FE80-3872-41E5-A303-F86E0AEE96C6}.Debug|Any CPU.ActiveCfg = Debug|Any CPU
		{1BE7FE80-3872-41E5-A303-F86E0AEE96C6}.Debug|Any CPU.Build.0 = Debug|Any CPU
		{1BE7FE80-3872-41E5-A303-F86E0AEE96C6}.Release|Any CPU.ActiveCfg = Release|Any CPU
		{1BE7FE80-3872-41E5-A303-F86E0AEE96C6}.Release|Any CPU.Build.0 = Release|Any CPU
		{4E715407-4EC8-4FC4-A6E0-63E023AF9C8F}.Debug|Any CPU.ActiveCfg = Debug|Any CPU
		{4E715407-4EC8-4FC4-A6E0-63E023AF9C8F}.Debug|Any CPU.Build.0 = Debug|Any CPU
		{4E715407-4EC8-4FC4-A6E0-63E023AF9C8F}.Release|Any CPU.ActiveCfg = Release|Any CPU
		{4E715407-4EC8-4FC4-A6E0-63E023AF9C8F}.Release|Any CPU.Build.0 = Release|Any CPU
		{46D983B7-659F-4CB9-B97E-5B6BCE0AE6CD}.Debug|Any CPU.ActiveCfg = Debug|Any CPU
		{46D983B7-659F-4CB9-B97E-5B6BCE0AE6CD}.Debug|Any CPU.Build.0 = Debug|Any CPU
		{46D983B7-659F-4CB9-B97E-5B6BCE0AE6CD}.Release|Any CPU.ActiveCfg = Release|Any CPU
		{46D983B7-659F-4CB9-B97E-5B6BCE0AE6CD}.Release|Any CPU.Build.0 = Release|Any CPU
		{D711550E-CE19-47E6-9DFD-44D63C02137C}.Debug|Any CPU.ActiveCfg = Debug|Any CPU
		{D711550E-CE19-47E6-9DFD-44D63C02137C}.Debug|Any CPU.Build.0 = Debug|Any CPU
		{D711550E-CE19-47E6-9DFD-44D63C02137C}.Release|Any CPU.ActiveCfg = Release|Any CPU
		{D711550E-CE19-47E6-9DFD-44D63C02137C}.Release|Any CPU.Build.0 = Release|Any CPU
	EndGlobalSection
	GlobalSection(SolutionProperties) = preSolution
		HideSolutionNode = FALSE
	EndGlobalSection
	GlobalSection(NestedProjects) = preSolution
		{0F31B860-58B7-4FD1-9FCB-B8C81BDC2AF9} = {D8CAF8B6-C8F2-4143-A170-2B386ADCDE66}
		{F788F454-6B06-4F20-BEAF-A801688136B2} = {0F31B860-58B7-4FD1-9FCB-B8C81BDC2AF9}
		{6906EAD0-C64E-45EC-AB62-042EDF2CF37A} = {F788F454-6B06-4F20-BEAF-A801688136B2}
		{EDF56185-D91F-4D59-B38E-823B9333ECB2} = {D8CAF8B6-C8F2-4143-A170-2B386ADCDE66}
		{B01AA6DF-CAE3-4677-9BD6-DA50B817E572} = {EDF56185-D91F-4D59-B38E-823B9333ECB2}
		{D40FFA8E-E1DD-4DE4-9957-03D17ED5D3EE} = {B01AA6DF-CAE3-4677-9BD6-DA50B817E572}
		{9EF8E850-3139-47C6-88EB-08A82F6C1AE6} = {B01AA6DF-CAE3-4677-9BD6-DA50B817E572}
		{541A0076-09FA-4647-92E2-7C1C13604926} = {D8CAF8B6-C8F2-4143-A170-2B386ADCDE66}
		{A9F0B0B3-E839-4B6D-8EDA-4B9FC337B996} = {541A0076-09FA-4647-92E2-7C1C13604926}
		{96F92801-1840-4722-8ADC-86255C635BFC} = {A9F0B0B3-E839-4B6D-8EDA-4B9FC337B996}
		{1BE7FE80-3872-41E5-A303-F86E0AEE96C6} = {A9F0B0B3-E839-4B6D-8EDA-4B9FC337B996}
		{1237CA88-741D-48F1-9F6D-1097459F6405} = {D8CAF8B6-C8F2-4143-A170-2B386ADCDE66}
		{AA1D5481-1FD2-4E4C-AD63-2D4A53D88358} = {1237CA88-741D-48F1-9F6D-1097459F6405}
		{4E715407-4EC8-4FC4-A6E0-63E023AF9C8F} = {AA1D5481-1FD2-4E4C-AD63-2D4A53D88358}
		{062C17F7-8476-428B-8082-3C0CBB7D83A3} = {D8CAF8B6-C8F2-4143-A170-2B386ADCDE66}
		{0D65990E-FB1F-4AB0-9B63-38831CC25CE8} = {062C17F7-8476-428B-8082-3C0CBB7D83A3}
		{46D983B7-659F-4CB9-B97E-5B6BCE0AE6CD} = {0D65990E-FB1F-4AB0-9B63-38831CC25CE8}
		{D711550E-CE19-47E6-9DFD-44D63C02137C} = {0D65990E-FB1F-4AB0-9B63-38831CC25CE8}
	EndGlobalSection
	GlobalSection(ExtensibilityGlobals) = postSolution
		SolutionGuid = {9A9352D1-8A80-481E-A3CF-BA313DA0EBAF}
	EndGlobalSection
EndGlobal
